
Microsoft Visual Studio Solution File, Format Version 12.00
Project("{FAE04EC0-301F-11D3-BF4B-00C04F79EFBC}") = "Geometric-figures", "Geometric-figures\Geometric-figures.csproj", "{4BEDDD5C-DB00-4E6D-856F-8CDAFBBBEF9C}"
EndProject
Global
	GlobalSection(SolutionConfigurationPlatforms) = preSolution
		Debug|Any CPU = Debug|Any CPU
		Release|Any CPU = Release|Any CPU
	EndGlobalSection
	GlobalSection(ProjectConfigurationPlatforms) = postSolution
		{4BEDDD5C-DB00-4E6D-856F-8CDAFBBBEF9C}.Debug|Any CPU.ActiveCfg = Debug|Any CPU
		{4BEDDD5C-DB00-4E6D-856F-8CDAFBBBEF9C}.Debug|Any CPU.Build.0 = Debug|Any CPU
		{4BEDDD5C-DB00-4E6D-856F-8CDAFBBBEF9C}.Release|Any CPU.ActiveCfg = Release|Any CPU
		{4BEDDD5C-DB00-4E6D-856F-8CDAFBBBEF9C}.Release|Any CPU.Build.0 = Release|Any CPU
	EndGlobalSection
EndGlobal
