
Microsoft Visual Studio Solution File, Format Version 12.00
# Visual Studio Version 16
VisualStudioVersion = 16.0.30002.166
MinimumVisualStudioVersion = 10.0.40219.1
Project("{FAE04EC0-301F-11D3-BF4B-00C04F79EFBC}") = "DelegatesDictionary", "DelegatesDictionary\DelegatesDictionary.csproj", "{73809A91-625C-4C67-BE8D-4159A477F55B}"
EndProject
Global
	GlobalSection(SolutionConfigurationPlatforms) = preSolution
		Debug|Any CPU = Debug|Any CPU
		Release|Any CPU = Release|Any CPU
	EndGlobalSection
	GlobalSection(ProjectConfigurationPlatforms) = postSolution
		{73809A91-625C-4C67-BE8D-4159A477F55B}.Debug|Any CPU.ActiveCfg = Debug|Any CPU
		{73809A91-625C-4C67-BE8D-4159A477F55B}.Debug|Any CPU.Build.0 = Debug|Any CPU
		{73809A91-625C-4C67-BE8D-4159A477F55B}.Release|Any CPU.ActiveCfg = Release|Any CPU
		{73809A91-625C-4C67-BE8D-4159A477F55B}.Release|Any CPU.Build.0 = Release|Any CPU
	EndGlobalSection
	GlobalSection(SolutionProperties) = preSolution
		HideSolutionNode = FALSE
	EndGlobalSection
	GlobalSection(ExtensibilityGlobals) = postSolution
		SolutionGuid = {24F8B14F-4502-4B9C-9529-05F08EBE0720}
	EndGlobalSection
EndGlobal
