
Microsoft Visual Studio Solution File, Format Version 12.00
# Visual Studio Version 16
VisualStudioVersion = 16.0.29709.97
MinimumVisualStudioVersion = 10.0.40219.1
Project("{FAE04EC0-301F-11D3-BF4B-00C04F79EFBC}") = "HWDelegates", "HWDelegates\HWDelegates.csproj", "{D5FE6F51-31FB-4D84-A601-C3E4EF662EB0}"
EndProject
Global
	GlobalSection(SolutionConfigurationPlatforms) = preSolution
		Debug|Any CPU = Debug|Any CPU
		Release|Any CPU = Release|Any CPU
	EndGlobalSection
	GlobalSection(ProjectConfigurationPlatforms) = postSolution
		{D5FE6F51-31FB-4D84-A601-C3E4EF662EB0}.Debug|Any CPU.ActiveCfg = Debug|Any CPU
		{D5FE6F51-31FB-4D84-A601-C3E4EF662EB0}.Debug|Any CPU.Build.0 = Debug|Any CPU
		{D5FE6F51-31FB-4D84-A601-C3E4EF662EB0}.Release|Any CPU.ActiveCfg = Release|Any CPU
		{D5FE6F51-31FB-4D84-A601-C3E4EF662EB0}.Release|Any CPU.Build.0 = Release|Any CPU
	EndGlobalSection
	GlobalSection(SolutionProperties) = preSolution
		HideSolutionNode = FALSE
	EndGlobalSection
	GlobalSection(ExtensibilityGlobals) = postSolution
		SolutionGuid = {FE01A118-64F6-48BD-9641-7E6090ADA9DB}
	EndGlobalSection
EndGlobal
