
Microsoft Visual Studio Solution File, Format Version 12.00
# Visual Studio Version 16
VisualStudioVersion = 16.0.29806.167
MinimumVisualStudioVersion = 10.0.40219.1
Project("{FAE04EC0-301F-11D3-BF4B-00C04F79EFBC}") = "HomeWork17", "HomeWork17\HomeWork17.csproj", "{6B540B06-CEE1-473C-8584-0130729BF854}"
EndProject
Global
	GlobalSection(SolutionConfigurationPlatforms) = preSolution
		Debug|Any CPU = Debug|Any CPU
		Release|Any CPU = Release|Any CPU
	EndGlobalSection
	GlobalSection(ProjectConfigurationPlatforms) = postSolution
		{6B540B06-CEE1-473C-8584-0130729BF854}.Debug|Any CPU.ActiveCfg = Debug|Any CPU
		{6B540B06-CEE1-473C-8584-0130729BF854}.Debug|Any CPU.Build.0 = Debug|Any CPU
		{6B540B06-CEE1-473C-8584-0130729BF854}.Release|Any CPU.ActiveCfg = Release|Any CPU
		{6B540B06-CEE1-473C-8584-0130729BF854}.Release|Any CPU.Build.0 = Release|Any CPU
	EndGlobalSection
	GlobalSection(SolutionProperties) = preSolution
		HideSolutionNode = FALSE
	EndGlobalSection
	GlobalSection(ExtensibilityGlobals) = postSolution
		SolutionGuid = {C2FFE02D-6EE7-4848-94F1-BCB8783DF297}
	EndGlobalSection
EndGlobal
